{
  "name": "uk-translator",
  "version": "1.0.0",
  "lockfileVersion": 2,
  "requires": true,
  "packages": {
    "": {
      "name": "uk-translator",
      "version": "1.0.0",
      "license": "ISC",
      "dependencies": {
        "fast-csv": "^4.3.6",
        "string-strip-html": "^8.3.0"
      }
    },
    "node_modules/@babel/runtime": {
      "version": "7.20.0",
      "resolved": "https://registry.npmjs.org/@babel/runtime/-/runtime-7.20.0.tgz",
      "integrity": "sha512-NDYdls71fTXoU8TZHfbBWg7DiZfNzClcKui/+kyi6ppD2L1qnWW3VV6CjtaBXSUGGhiTWJ6ereOIkUvenif66Q==",
      "dependencies": {
        "regenerator-runtime": "^0.13.10"
      },
      "engines": {
        "node": ">=6.9.0"
      }
    },
    "node_modules/@fast-csv/format": {
      "version": "4.3.5",
      "resolved": "https://registry.npmjs.org/@fast-csv/format/-/format-4.3.5.tgz",
      "integrity": "sha512-8iRn6QF3I8Ak78lNAa+Gdl5MJJBM5vRHivFtMRUWINdevNo00K7OXxS2PshawLKTejVwieIlPmK5YlLu6w4u8A==",
      "dependencies": {
        "@types/node": "^14.0.1",
        "lodash.escaperegexp": "^4.1.2",
        "lodash.isboolean": "^3.0.3",
        "lodash.isequal": "^4.5.0",
        "lodash.isfunction": "^3.0.9",
        "lodash.isnil": "^4.0.0"
      }
    },
    "node_modules/@fast-csv/parse": {
      "version": "4.3.6",
      "resolved": "https://registry.npmjs.org/@fast-csv/parse/-/parse-4.3.6.tgz",
      "integrity": "sha512-uRsLYksqpbDmWaSmzvJcuApSEe38+6NQZBUsuAyMZKqHxH0g1wcJgsKUvN3WC8tewaqFjBMMGrkHmC+T7k8LvA==",
      "dependencies": {
        "@types/node": "^14.0.1",
        "lodash.escaperegexp": "^4.1.2",
        "lodash.groupby": "^4.6.0",
        "lodash.isfunction": "^3.0.9",
        "lodash.isnil": "^4.0.0",
        "lodash.isundefined": "^3.0.1",
        "lodash.uniq": "^4.5.0"
      }
    },
    "node_modules/@types/node": {
      "version": "14.18.33",
      "resolved": "https://registry.npmjs.org/@types/node/-/node-14.18.33.tgz",
      "integrity": "sha512-qelS/Ra6sacc4loe/3MSjXNL1dNQ/GjxNHVzuChwMfmk7HuycRLVQN2qNY3XahK+fZc5E2szqQSKUyAF0E+2bg=="
    },
    "node_modules/fast-csv": {
      "version": "4.3.6",
      "resolved": "https://registry.npmjs.org/fast-csv/-/fast-csv-4.3.6.tgz",
      "integrity": "sha512-2RNSpuwwsJGP0frGsOmTb9oUF+VkFSM4SyLTDgwf2ciHWTarN0lQTC+F2f/t5J9QjW+c65VFIAAu85GsvMIusw==",
      "dependencies": {
        "@fast-csv/format": "4.3.5",
        "@fast-csv/parse": "4.3.6"
      },
      "engines": {
        "node": ">=10.0.0"
      }
    },
    "node_modules/html-entities": {
      "version": "2.3.3",
      "resolved": "https://registry.npmjs.org/html-entities/-/html-entities-2.3.3.tgz",
      "integrity": "sha512-DV5Ln36z34NNTDgnz0EWGBLZENelNAtkiFA4kyNOG2tDI6Mz1uSWiq1wAKdyjnJwyDiDO7Fa2SO1CTxPXL8VxA=="
    },
    "node_modules/lodash.clonedeep": {
      "version": "4.5.0",
      "resolved": "https://registry.npmjs.org/lodash.clonedeep/-/lodash.clonedeep-4.5.0.tgz",
      "integrity": "sha512-H5ZhCF25riFd9uB5UCkVKo61m3S/xZk1x4wA6yp/L3RFP6Z/eHH1ymQcGLo7J3GMPfm0V/7m1tryHuGVxpqEBQ=="
    },
    "node_modules/lodash.escaperegexp": {
      "version": "4.1.2",
      "resolved": "https://registry.npmjs.org/lodash.escaperegexp/-/lodash.escaperegexp-4.1.2.tgz",
      "integrity": "sha512-TM9YBvyC84ZxE3rgfefxUWiQKLilstD6k7PTGt6wfbtXF8ixIJLOL3VYyV/z+ZiPLsVxAsKAFVwWlWeb2Y8Yyw=="
    },
    "node_modules/lodash.groupby": {
      "version": "4.6.0",
      "resolved": "https://registry.npmjs.org/lodash.groupby/-/lodash.groupby-4.6.0.tgz",
      "integrity": "sha512-5dcWxm23+VAoz+awKmBaiBvzox8+RqMgFhi7UvX9DHZr2HdxHXM/Wrf8cfKpsW37RNrvtPn6hSwNqurSILbmJw=="
    },
    "node_modules/lodash.isboolean": {
      "version": "3.0.3",
      "resolved": "https://registry.npmjs.org/lodash.isboolean/-/lodash.isboolean-3.0.3.tgz",
      "integrity": "sha512-Bz5mupy2SVbPHURB98VAcw+aHh4vRV5IPNhILUCsOzRmsTmSQ17jIuqopAentWoehktxGd9e/hbIXq980/1QJg=="
    },
    "node_modules/lodash.isequal": {
      "version": "4.5.0",
      "resolved": "https://registry.npmjs.org/lodash.isequal/-/lodash.isequal-4.5.0.tgz",
      "integrity": "sha512-pDo3lu8Jhfjqls6GkMgpahsF9kCyayhgykjyLMNFTKWrpVdAQtYyB4muAMWozBB4ig/dtWAmsMxLEI8wuz+DYQ=="
    },
    "node_modules/lodash.isfunction": {
      "version": "3.0.9",
      "resolved": "https://registry.npmjs.org/lodash.isfunction/-/lodash.isfunction-3.0.9.tgz",
      "integrity": "sha512-AirXNj15uRIMMPihnkInB4i3NHeb4iBtNg9WRWuK2o31S+ePwwNmDPaTL3o7dTJ+VXNZim7rFs4rxN4YU1oUJw=="
    },
    "node_modules/lodash.isnil": {
      "version": "4.0.0",
      "resolved": "https://registry.npmjs.org/lodash.isnil/-/lodash.isnil-4.0.0.tgz",
      "integrity": "sha512-up2Mzq3545mwVnMhTDMdfoG1OurpA/s5t88JmQX809eH3C8491iu2sfKhTfhQtKY78oPNhiaHJUpT/dUDAAtng=="
    },
    "node_modules/lodash.isplainobject": {
      "version": "4.0.6",
      "resolved": "https://registry.npmjs.org/lodash.isplainobject/-/lodash.isplainobject-4.0.6.tgz",
      "integrity": "sha512-oSXzaWypCMHkPC3NvBEaPHf0KsA5mvPrOPgQWDsbg8n7orZ290M0BmC/jgRZ4vcJ6DTAhjrsSYgdsW/F+MFOBA=="
    },
    "node_modules/lodash.isundefined": {
      "version": "3.0.1",
      "resolved": "https://registry.npmjs.org/lodash.isundefined/-/lodash.isundefined-3.0.1.tgz",
      "integrity": "sha512-MXB1is3s899/cD8jheYYE2V9qTHwKvt+npCwpD+1Sxm3Q3cECXCiYHjeHWXNwr6Q0SOBPrYUDxendrO6goVTEA=="
    },
    "node_modules/lodash.trim": {
      "version": "4.5.1",
      "resolved": "https://registry.npmjs.org/lodash.trim/-/lodash.trim-4.5.1.tgz",
      "integrity": "sha512-nJAlRl/K+eiOehWKDzoBVrSMhK0K3A3YQsUNXHQa5yIrKBAhsZgSu3KoAFoFT+mEgiyBHddZ0pRk1ITpIp90Wg=="
    },
    "node_modules/lodash.uniq": {
      "version": "4.5.0",
      "resolved": "https://registry.npmjs.org/lodash.uniq/-/lodash.uniq-4.5.0.tgz",
      "integrity": "sha512-xfBaXQd9ryd9dlSDvnvI0lvxfLJlYAZzXomUYzLKtUeOQvOP5piqAWuGtrhWeqaXK9hhoM/iyJc5AV+XfsX3HQ=="
    },
    "node_modules/lodash.without": {
      "version": "4.4.0",
      "resolved": "https://registry.npmjs.org/lodash.without/-/lodash.without-4.4.0.tgz",
      "integrity": "sha512-M3MefBwfDhgKgINVuBJCO1YR3+gf6s9HNJsIiZ/Ru77Ws6uTb9eBuvrkpzO+9iLoAaRodGuq7tyrPCx+74QYGQ=="
    },
    "node_modules/ranges-apply": {
      "version": "5.1.0",
      "resolved": "https://registry.npmjs.org/ranges-apply/-/ranges-apply-5.1.0.tgz",
      "integrity": "sha512-VF3a0XUuYS/BQHv2RaIyX1K7S1hbfrs64hkGKgPVk0Y7p4XFwSucjTTttrBqmkcmB/PZx5ISTZdxErRZi/89aQ==",
      "dependencies": {
        "@babel/runtime": "^7.14.0",
        "ranges-merge": "^7.1.0"
      }
    },
    "node_modules/ranges-merge": {
      "version": "7.1.0",
      "resolved": "https://registry.npmjs.org/ranges-merge/-/ranges-merge-7.1.0.tgz",
      "integrity": "sha512-coTHcyAEIhoEdsBs9f5f+q0rmy7UHvS/5nfuXzuj5oLX/l/tbqM5uxRb6eh8WMdetXia3lK67ZO4tarH4ieulQ==",
      "dependencies": {
        "@babel/runtime": "^7.14.0",
        "ranges-push": "^5.1.0",
        "ranges-sort": "^4.1.0"
      }
    },
    "node_modules/ranges-push": {
      "version": "5.1.0",
      "resolved": "https://registry.npmjs.org/ranges-push/-/ranges-push-5.1.0.tgz",
      "integrity": "sha512-vqGcaGq7GWV1zBa9w83E+dzYkOvE9/3pIRUPvLf12c+mGQCf1nesrkBI7Ob8taN2CC9V1HDSJx0KAQl0SgZftA==",
      "dependencies": {
        "@babel/runtime": "^7.14.0",
        "ranges-merge": "^7.1.0",
        "string-collapse-leading-whitespace": "^5.1.0",
        "string-trim-spaces-only": "^3.1.0"
      }
    },
    "node_modules/ranges-sort": {
      "version": "4.1.0",
      "resolved": "https://registry.npmjs.org/ranges-sort/-/ranges-sort-4.1.0.tgz",
      "integrity": "sha512-GOQgk6UtsrfKFeYa53YLiBVnLINwYmOk5l2QZG1csZpT6GdImUwooh+/cRrp7b+fYawZX/rnyA3Ul+pdgQBIzA==",
      "dependencies": {
        "@babel/runtime": "^7.14.0"
      }
    },
    "node_modules/regenerator-runtime": {
      "version": "0.13.10",
      "resolved": "https://registry.npmjs.org/regenerator-runtime/-/regenerator-runtime-0.13.10.tgz",
      "integrity": "sha512-KepLsg4dU12hryUO7bp/axHAKvwGOCV0sGloQtpagJ12ai+ojVDqkeGSiRX1zlq+kjIMZ1t7gpze+26QqtdGqw=="
    },
    "node_modules/string-collapse-leading-whitespace": {
      "version": "5.1.0",
      "resolved": "https://registry.npmjs.org/string-collapse-leading-whitespace/-/string-collapse-leading-whitespace-5.1.0.tgz",
      "integrity": "sha512-mYz9/Kb5uvRB4DZj46zILwI4y9lD9JsvXG9Xb7zjbwm0I/R40G7oFfMsqJ28l2d7gWMTLJL569NfJQVLQbnHCw==",
      "dependencies": {
        "@babel/runtime": "^7.14.0"
      }
    },
    "node_modules/string-left-right": {
      "version": "4.1.0",
      "resolved": "https://registry.npmjs.org/string-left-right/-/string-left-right-4.1.0.tgz",
      "integrity": "sha512-ic/WvfNVUygWWsgg8akzSzp2NuttfhrdbH7QmSnda5b5RFmT9aCEDiS/M+gmTJwtFy7+b/2AXU4Z6vejcePQqQ==",
      "dependencies": {
        "@babel/runtime": "^7.14.0",
        "lodash.clonedeep": "^4.5.0",
        "lodash.isplainobject": "^4.0.6"
      }
    },
    "node_modules/string-strip-html": {
      "version": "8.3.0",
      "resolved": "https://registry.npmjs.org/string-strip-html/-/string-strip-html-8.3.0.tgz",
      "integrity": "sha512-1+rjTPt0JjpFr1w0bfNL1S6O0I9fJDqM+P3pFTpC6eEEpIXhmBvPLnaQoEuWarswiH219qCefDSxTLxGQyHKUg==",
      "dependencies": {
        "@babel/runtime": "^7.14.0",
        "html-entities": "^2.3.2",
        "lodash.isplainobject": "^4.0.6",
        "lodash.trim": "^4.5.1",
        "lodash.without": "^4.4.0",
        "ranges-apply": "^5.1.0",
        "ranges-push": "^5.1.0",
        "string-left-right": "^4.1.0"
      }
    },
    "node_modules/string-trim-spaces-only": {
      "version": "3.1.0",
      "resolved": "https://registry.npmjs.org/string-trim-spaces-only/-/string-trim-spaces-only-3.1.0.tgz",
      "integrity": "sha512-AW7RSi3+QtE6wR+4m/kmwlyy39neBbCIzrzzu1/RGzNRiPKQOeB3rGzr4ubg4UIQgYtr2w0PrxhKPXgyqJ0vaQ==",
      "dependencies": {
        "@babel/runtime": "^7.14.0"
      }
    }
  },
  "dependencies": {
    "@babel/runtime": {
      "version": "7.20.0",
      "resolved": "https://registry.npmjs.org/@babel/runtime/-/runtime-7.20.0.tgz",
      "integrity": "sha512-NDYdls71fTXoU8TZHfbBWg7DiZfNzClcKui/+kyi6ppD2L1qnWW3VV6CjtaBXSUGGhiTWJ6ereOIkUvenif66Q==",
      "requires": {
        "regenerator-runtime": "^0.13.10"
      }
    },
    "@fast-csv/format": {
      "version": "4.3.5",
      "resolved": "https://registry.npmjs.org/@fast-csv/format/-/format-4.3.5.tgz",
      "integrity": "sha512-8iRn6QF3I8Ak78lNAa+Gdl5MJJBM5vRHivFtMRUWINdevNo00K7OXxS2PshawLKTejVwieIlPmK5YlLu6w4u8A==",
      "requires": {
        "@types/node": "^14.0.1",
        "lodash.escaperegexp": "^4.1.2",
        "lodash.isboolean": "^3.0.3",
        "lodash.isequal": "^4.5.0",
        "lodash.isfunction": "^3.0.9",
        "lodash.isnil": "^4.0.0"
      }
    },
    "@fast-csv/parse": {
      "version": "4.3.6",
      "resolved": "https://registry.npmjs.org/@fast-csv/parse/-/parse-4.3.6.tgz",
      "integrity": "sha512-uRsLYksqpbDmWaSmzvJcuApSEe38+6NQZBUsuAyMZKqHxH0g1wcJgsKUvN3WC8tewaqFjBMMGrkHmC+T7k8LvA==",
      "requires": {
        "@types/node": "^14.0.1",
        "lodash.escaperegexp": "^4.1.2",
        "lodash.groupby": "^4.6.0",
        "lodash.isfunction": "^3.0.9",
        "lodash.isnil": "^4.0.0",
        "lodash.isundefined": "^3.0.1",
        "lodash.uniq": "^4.5.0"
      }
    },
    "@types/node": {
      "version": "14.18.33",
      "resolved": "https://registry.npmjs.org/@types/node/-/node-14.18.33.tgz",
      "integrity": "sha512-qelS/Ra6sacc4loe/3MSjXNL1dNQ/GjxNHVzuChwMfmk7HuycRLVQN2qNY3XahK+fZc5E2szqQSKUyAF0E+2bg=="
    },
    "fast-csv": {
      "version": "4.3.6",
      "resolved": "https://registry.npmjs.org/fast-csv/-/fast-csv-4.3.6.tgz",
      "integrity": "sha512-2RNSpuwwsJGP0frGsOmTb9oUF+VkFSM4SyLTDgwf2ciHWTarN0lQTC+F2f/t5J9QjW+c65VFIAAu85GsvMIusw==",
      "requires": {
        "@fast-csv/format": "4.3.5",
        "@fast-csv/parse": "4.3.6"
      }
    },
    "html-entities": {
      "version": "2.3.3",
      "resolved": "https://registry.npmjs.org/html-entities/-/html-entities-2.3.3.tgz",
      "integrity": "sha512-DV5Ln36z34NNTDgnz0EWGBLZENelNAtkiFA4kyNOG2tDI6Mz1uSWiq1wAKdyjnJwyDiDO7Fa2SO1CTxPXL8VxA=="
    },
    "lodash.clonedeep": {
      "version": "4.5.0",
      "resolved": "https://registry.npmjs.org/lodash.clonedeep/-/lodash.clonedeep-4.5.0.tgz",
      "integrity": "sha512-H5ZhCF25riFd9uB5UCkVKo61m3S/xZk1x4wA6yp/L3RFP6Z/eHH1ymQcGLo7J3GMPfm0V/7m1tryHuGVxpqEBQ=="
    },
    "lodash.escaperegexp": {
      "version": "4.1.2",
      "resolved": "https://registry.npmjs.org/lodash.escaperegexp/-/lodash.escaperegexp-4.1.2.tgz",
      "integrity": "sha512-TM9YBvyC84ZxE3rgfefxUWiQKLilstD6k7PTGt6wfbtXF8ixIJLOL3VYyV/z+ZiPLsVxAsKAFVwWlWeb2Y8Yyw=="
    },
    "lodash.groupby": {
      "version": "4.6.0",
      "resolved": "https://registry.npmjs.org/lodash.groupby/-/lodash.groupby-4.6.0.tgz",
      "integrity": "sha512-5dcWxm23+VAoz+awKmBaiBvzox8+RqMgFhi7UvX9DHZr2HdxHXM/Wrf8cfKpsW37RNrvtPn6hSwNqurSILbmJw=="
    },
    "lodash.isboolean": {
      "version": "3.0.3",
      "resolved": "https://registry.npmjs.org/lodash.isboolean/-/lodash.isboolean-3.0.3.tgz",
      "integrity": "sha512-Bz5mupy2SVbPHURB98VAcw+aHh4vRV5IPNhILUCsOzRmsTmSQ17jIuqopAentWoehktxGd9e/hbIXq980/1QJg=="
    },
    "lodash.isequal": {
      "version": "4.5.0",
      "resolved": "https://registry.npmjs.org/lodash.isequal/-/lodash.isequal-4.5.0.tgz",
      "integrity": "sha512-pDo3lu8Jhfjqls6GkMgpahsF9kCyayhgykjyLMNFTKWrpVdAQtYyB4muAMWozBB4ig/dtWAmsMxLEI8wuz+DYQ=="
    },
    "lodash.isfunction": {
      "version": "3.0.9",
      "resolved": "https://registry.npmjs.org/lodash.isfunction/-/lodash.isfunction-3.0.9.tgz",
      "integrity": "sha512-AirXNj15uRIMMPihnkInB4i3NHeb4iBtNg9WRWuK2o31S+ePwwNmDPaTL3o7dTJ+VXNZim7rFs4rxN4YU1oUJw=="
    },
    "lodash.isnil": {
      "version": "4.0.0",
      "resolved": "https://registry.npmjs.org/lodash.isnil/-/lodash.isnil-4.0.0.tgz",
      "integrity": "sha512-up2Mzq3545mwVnMhTDMdfoG1OurpA/s5t88JmQX809eH3C8491iu2sfKhTfhQtKY78oPNhiaHJUpT/dUDAAtng=="
    },
    "lodash.isplainobject": {
      "version": "4.0.6",
      "resolved": "https://registry.npmjs.org/lodash.isplainobject/-/lodash.isplainobject-4.0.6.tgz",
      "integrity": "sha512-oSXzaWypCMHkPC3NvBEaPHf0KsA5mvPrOPgQWDsbg8n7orZ290M0BmC/jgRZ4vcJ6DTAhjrsSYgdsW/F+MFOBA=="
    },
    "lodash.isundefined": {
      "version": "3.0.1",
      "resolved": "https://registry.npmjs.org/lodash.isundefined/-/lodash.isundefined-3.0.1.tgz",
      "integrity": "sha512-MXB1is3s899/cD8jheYYE2V9qTHwKvt+npCwpD+1Sxm3Q3cECXCiYHjeHWXNwr6Q0SOBPrYUDxendrO6goVTEA=="
    },
    "lodash.trim": {
      "version": "4.5.1",
      "resolved": "https://registry.npmjs.org/lodash.trim/-/lodash.trim-4.5.1.tgz",
      "integrity": "sha512-nJAlRl/K+eiOehWKDzoBVrSMhK0K3A3YQsUNXHQa5yIrKBAhsZgSu3KoAFoFT+mEgiyBHddZ0pRk1ITpIp90Wg=="
    },
    "lodash.uniq": {
      "version": "4.5.0",
      "resolved": "https://registry.npmjs.org/lodash.uniq/-/lodash.uniq-4.5.0.tgz",
      "integrity": "sha512-xfBaXQd9ryd9dlSDvnvI0lvxfLJlYAZzXomUYzLKtUeOQvOP5piqAWuGtrhWeqaXK9hhoM/iyJc5AV+XfsX3HQ=="
    },
    "lodash.without": {
      "version": "4.4.0",
      "resolved": "https://registry.npmjs.org/lodash.without/-/lodash.without-4.4.0.tgz",
      "integrity": "sha512-M3MefBwfDhgKgINVuBJCO1YR3+gf6s9HNJsIiZ/Ru77Ws6uTb9eBuvrkpzO+9iLoAaRodGuq7tyrPCx+74QYGQ=="
    },
    "ranges-apply": {
      "version": "5.1.0",
      "resolved": "https://registry.npmjs.org/ranges-apply/-/ranges-apply-5.1.0.tgz",
      "integrity": "sha512-VF3a0XUuYS/BQHv2RaIyX1K7S1hbfrs64hkGKgPVk0Y7p4XFwSucjTTttrBqmkcmB/PZx5ISTZdxErRZi/89aQ==",
      "requires": {
        "@babel/runtime": "^7.14.0",
        "ranges-merge": "^7.1.0"
      }
    },
    "ranges-merge": {
      "version": "7.1.0",
      "resolved": "https://registry.npmjs.org/ranges-merge/-/ranges-merge-7.1.0.tgz",
      "integrity": "sha512-coTHcyAEIhoEdsBs9f5f+q0rmy7UHvS/5nfuXzuj5oLX/l/tbqM5uxRb6eh8WMdetXia3lK67ZO4tarH4ieulQ==",
      "requires": {
        "@babel/runtime": "^7.14.0",
        "ranges-push": "^5.1.0",
        "ranges-sort": "^4.1.0"
      }
    },
    "ranges-push": {
      "version": "5.1.0",
      "resolved": "https://registry.npmjs.org/ranges-push/-/ranges-push-5.1.0.tgz",
      "integrity": "sha512-vqGcaGq7GWV1zBa9w83E+dzYkOvE9/3pIRUPvLf12c+mGQCf1nesrkBI7Ob8taN2CC9V1HDSJx0KAQl0SgZftA==",
      "requires": {
        "@babel/runtime": "^7.14.0",
        "ranges-merge": "^7.1.0",
        "string-collapse-leading-whitespace": "^5.1.0",
        "string-trim-spaces-only": "^3.1.0"
      }
    },
    "ranges-sort": {
      "version": "4.1.0",
      "resolved": "https://registry.npmjs.org/ranges-sort/-/ranges-sort-4.1.0.tgz",
      "integrity": "sha512-GOQgk6UtsrfKFeYa53YLiBVnLINwYmOk5l2QZG1csZpT6GdImUwooh+/cRrp7b+fYawZX/rnyA3Ul+pdgQBIzA==",
      "requires": {
        "@babel/runtime": "^7.14.0"
      }
    },
    "regenerator-runtime": {
      "version": "0.13.10",
      "resolved": "https://registry.npmjs.org/regenerator-runtime/-/regenerator-runtime-0.13.10.tgz",
      "integrity": "sha512-KepLsg4dU12hryUO7bp/axHAKvwGOCV0sGloQtpagJ12ai+ojVDqkeGSiRX1zlq+kjIMZ1t7gpze+26QqtdGqw=="
    },
    "string-collapse-leading-whitespace": {
      "version": "5.1.0",
      "resolved": "https://registry.npmjs.org/string-collapse-leading-whitespace/-/string-collapse-leading-whitespace-5.1.0.tgz",
      "integrity": "sha512-mYz9/Kb5uvRB4DZj46zILwI4y9lD9JsvXG9Xb7zjbwm0I/R40G7oFfMsqJ28l2d7gWMTLJL569NfJQVLQbnHCw==",
      "requires": {
        "@babel/runtime": "^7.14.0"
      }
    },
    "string-left-right": {
      "version": "4.1.0",
      "resolved": "https://registry.npmjs.org/string-left-right/-/string-left-right-4.1.0.tgz",
      "integrity": "sha512-ic/WvfNVUygWWsgg8akzSzp2NuttfhrdbH7QmSnda5b5RFmT9aCEDiS/M+gmTJwtFy7+b/2AXU4Z6vejcePQqQ==",
      "requires": {
        "@babel/runtime": "^7.14.0",
        "lodash.clonedeep": "^4.5.0",
        "lodash.isplainobject": "^4.0.6"
      }
    },
    "string-strip-html": {
      "version": "8.3.0",
      "resolved": "https://registry.npmjs.org/string-strip-html/-/string-strip-html-8.3.0.tgz",
      "integrity": "sha512-1+rjTPt0JjpFr1w0bfNL1S6O0I9fJDqM+P3pFTpC6eEEpIXhmBvPLnaQoEuWarswiH219qCefDSxTLxGQyHKUg==",
      "requires": {
        "@babel/runtime": "^7.14.0",
        "html-entities": "^2.3.2",
        "lodash.isplainobject": "^4.0.6",
        "lodash.trim": "^4.5.1",
        "lodash.without": "^4.4.0",
        "ranges-apply": "^5.1.0",
        "ranges-push": "^5.1.0",
        "string-left-right": "^4.1.0"
      }
    },
    "string-trim-spaces-only": {
      "version": "3.1.0",
      "resolved": "https://registry.npmjs.org/string-trim-spaces-only/-/string-trim-spaces-only-3.1.0.tgz",
      "integrity": "sha512-AW7RSi3+QtE6wR+4m/kmwlyy39neBbCIzrzzu1/RGzNRiPKQOeB3rGzr4ubg4UIQgYtr2w0PrxhKPXgyqJ0vaQ==",
      "requires": {
        "@babel/runtime": "^7.14.0"
      }
    }
  }
}
